
Microsoft Visual Studio Solution File, Format Version 12.00
# Visual Studio Version 17
VisualStudioVersion = 17.4.33122.133
MinimumVisualStudioVersion = 10.0.40219.1
Project("{FAE04EC0-301F-11D3-BF4B-00C04F79EFBC}") = "NailsBookingApp-API", "NailsBookingApp-API\NailsBookingApp-API.csproj", "{9CDCAD0A-A990-4DA9-BFDB-D653472CB656}"
EndProject
Global
	GlobalSection(SolutionConfigurationPlatforms) = preSolution
		Debug|Any CPU = Debug|Any CPU
		Release|Any CPU = Release|Any CPU
	EndGlobalSection
	GlobalSection(ProjectConfigurationPlatforms) = postSolution
		{9CDCAD0A-A990-4DA9-BFDB-D653472CB656}.Debug|Any CPU.ActiveCfg = Debug|Any CPU
		{9CDCAD0A-A990-4DA9-BFDB-D653472CB656}.Debug|Any CPU.Build.0 = Debug|Any CPU
		{9CDCAD0A-A990-4DA9-BFDB-D653472CB656}.Release|Any CPU.ActiveCfg = Release|Any CPU
		{9CDCAD0A-A990-4DA9-BFDB-D653472CB656}.Release|Any CPU.Build.0 = Release|Any CPU
	EndGlobalSection
	GlobalSection(SolutionProperties) = preSolution
		HideSolutionNode = FALSE
	EndGlobalSection
	GlobalSection(ExtensibilityGlobals) = postSolution
		SolutionGuid = {6567DCA5-2DB0-40B3-BB6D-926652C0E97A}
	EndGlobalSection
EndGlobal
